
Microsoft Visual Studio Solution File, Format Version 12.00
# Visual Studio Version 16
VisualStudioVersion = 16.0.31515.178
MinimumVisualStudioVersion = 10.0.40219.1
Project("{FAE04EC0-301F-11D3-BF4B-00C04F79EFBC}") = "CatadorDeComentarios", "CatadorDeComentarios\CatadorDeComentarios.csproj", "{54927F09-FFF5-44D4-9647-13E3B2B2E3A5}"
EndProject
Project("{9A19103F-16F7-4668-BE54-9A1E7A4F7556}") = "MLModel_ConsoleApp", "MLModel_ConsoleApp\MLModel_ConsoleApp.csproj", "{B0FCF862-A8AE-4C13-9901-76C36DA7241C}"
EndProject
Project("{9A19103F-16F7-4668-BE54-9A1E7A4F7556}") = "MLModel_WebApi", "MLModel_WebApi\MLModel_WebApi.csproj", "{735129C4-E070-4805-986D-7CE7CF73C9BF}"
EndProject
Global
	GlobalSection(SolutionConfigurationPlatforms) = preSolution
		Debug|Any CPU = Debug|Any CPU
		Release|Any CPU = Release|Any CPU
	EndGlobalSection
	GlobalSection(ProjectConfigurationPlatforms) = postSolution
		{54927F09-FFF5-44D4-9647-13E3B2B2E3A5}.Debug|Any CPU.ActiveCfg = Debug|Any CPU
		{54927F09-FFF5-44D4-9647-13E3B2B2E3A5}.Debug|Any CPU.Build.0 = Debug|Any CPU
		{54927F09-FFF5-44D4-9647-13E3B2B2E3A5}.Release|Any CPU.ActiveCfg = Release|Any CPU
		{54927F09-FFF5-44D4-9647-13E3B2B2E3A5}.Release|Any CPU.Build.0 = Release|Any CPU
		{B0FCF862-A8AE-4C13-9901-76C36DA7241C}.Debug|Any CPU.ActiveCfg = Debug|Any CPU
		{B0FCF862-A8AE-4C13-9901-76C36DA7241C}.Debug|Any CPU.Build.0 = Debug|Any CPU
		{B0FCF862-A8AE-4C13-9901-76C36DA7241C}.Release|Any CPU.ActiveCfg = Release|Any CPU
		{B0FCF862-A8AE-4C13-9901-76C36DA7241C}.Release|Any CPU.Build.0 = Release|Any CPU
		{735129C4-E070-4805-986D-7CE7CF73C9BF}.Debug|Any CPU.ActiveCfg = Debug|Any CPU
		{735129C4-E070-4805-986D-7CE7CF73C9BF}.Debug|Any CPU.Build.0 = Debug|Any CPU
		{735129C4-E070-4805-986D-7CE7CF73C9BF}.Release|Any CPU.ActiveCfg = Release|Any CPU
		{735129C4-E070-4805-986D-7CE7CF73C9BF}.Release|Any CPU.Build.0 = Release|Any CPU
	EndGlobalSection
	GlobalSection(SolutionProperties) = preSolution
		HideSolutionNode = FALSE
	EndGlobalSection
	GlobalSection(ExtensibilityGlobals) = postSolution
		SolutionGuid = {A801D23C-890F-4E4B-9072-AAE63788E79A}
	EndGlobalSection
EndGlobal
